
Microsoft Visual Studio Solution File, Format Version 12.00
# Visual Studio Version 16
VisualStudioVersion = 16.0.31424.327
MinimumVisualStudioVersion = 10.0.40219.1
Project("{FAE04EC0-301F-11D3-BF4B-00C04F79EFBC}") = "SalesWebMvc", "SalesWebMvc\SalesWebMvc.csproj", "{52F0B359-9036-4497-856E-4D9ECD649048}"
EndProject
Global
	GlobalSection(SolutionConfigurationPlatforms) = preSolution
		Debug|Any CPU = Debug|Any CPU
		Release|Any CPU = Release|Any CPU
	EndGlobalSection
	GlobalSection(ProjectConfigurationPlatforms) = postSolution
		{52F0B359-9036-4497-856E-4D9ECD649048}.Debug|Any CPU.ActiveCfg = Debug|Any CPU
		{52F0B359-9036-4497-856E-4D9ECD649048}.Debug|Any CPU.Build.0 = Debug|Any CPU
		{52F0B359-9036-4497-856E-4D9ECD649048}.Release|Any CPU.ActiveCfg = Release|Any CPU
		{52F0B359-9036-4497-856E-4D9ECD649048}.Release|Any CPU.Build.0 = Release|Any CPU
	EndGlobalSection
	GlobalSection(SolutionProperties) = preSolution
		HideSolutionNode = FALSE
	EndGlobalSection
	GlobalSection(ExtensibilityGlobals) = postSolution
		SolutionGuid = {691D6F41-7F37-405A-80F1-8C633AA69628}
	EndGlobalSection
EndGlobal
